{
  "version": 4,
  "terraform_version": "1.4.6",
  "serial": 949,
  "lineage": "ad8b66a0-9515-8586-c765-3b423b66b331",
  "outputs": {},
  "resources": [
    {
      "module": "module.vpc",
      "mode": "managed",
      "type": "aws_vpc",
      "name": "this",
      "provider": "provider[\"registry.terraform.io/hashicorp/aws\"]",
      "instances": [
        {
          "index_key": 0,
          "schema_version": 1,
          "attributes": {
            "arn": "arn:aws:ec2:us-east-1:782434001163:vpc/vpc-0b31282b247dfb7d6",
            "assign_generated_ipv6_cidr_block": false,
            "cidr_block": "10.0.0.0/16",
            "default_network_acl_id": "acl-0bb63734f59759719",
            "default_route_table_id": "rtb-06079d3ead590025d",
            "default_security_group_id": "sg-06b5b7242ead8f7f9",
            "dhcp_options_id": "dopt-0c3faa397710a37ff",
            "enable_classiclink": false,
            "enable_classiclink_dns_support": false,
            "enable_dns_hostnames": true,
            "enable_dns_support": true,
            "id": "vpc-0b31282b247dfb7d6",
            "instance_tenancy": "default",
            "ipv4_ipam_pool_id": null,
            "ipv4_netmask_length": null,
            "ipv6_association_id": "",
            "ipv6_cidr_block": "",
            "ipv6_cidr_block_network_border_group": "",
            "ipv6_ipam_pool_id": "",
            "ipv6_netmask_length": 0,
            "main_route_table_id": "rtb-06079d3ead590025d",
            "owner_id": "782434001163",
            "tags": {
              "Name": "utrains-vpc"
            },
            "tags_all": {
              "Name": "utrains-vpc"
            }
          },
          "sensitive_attributes": [],
          "private": "eyJzY2hlbWFfdmVyc2lvbiI6IjEifQ==",
          "create_before_destroy": true
        }
      ]
    }
  ],
  "check_results": null
}
